
Microsoft Visual Studio Solution File, Format Version 12.00
# Visual Studio 2013
VisualStudioVersion = 12.0.31101.0
MinimumVisualStudioVersion = 10.0.40219.1
Project("{FAE04EC0-301F-11D3-BF4B-00C04F79EFBC}") = "LiveSpanish.WindowsPhone", "LiveSpanish.WindowsPhone\LiveSpanish.WindowsPhone.csproj", "{1E9459CE-59EA-4019-BC03-9C4DD025D22F}"
EndProject
Project("{FAE04EC0-301F-11D3-BF4B-00C04F79EFBC}") = "LiveSpanish.WindowsPhone.BackgroundTask", "LiveSpanish.WindowsPhone.BackgroundTask\LiveSpanish.WindowsPhone.BackgroundTask.csproj", "{D7CD72D1-B167-46AD-972D-A9EDBB48C40E}"
EndProject
Project("{FAE04EC0-301F-11D3-BF4B-00C04F79EFBC}") = "LiveSpanish.WindowsPhone.DataAccess", "LiveSpanish.WindowsPhone.DataAccess\LiveSpanish.WindowsPhone.DataAccess.csproj", "{B41B1A77-FD06-46F6-B367-53B6D9CE10E2}"
EndProject
Global
	GlobalSection(SolutionConfigurationPlatforms) = preSolution
		Debug|Any CPU = Debug|Any CPU
		Debug|ARM = Debug|ARM
		Debug|x64 = Debug|x64
		Debug|x86 = Debug|x86
		Release|Any CPU = Release|Any CPU
		Release|ARM = Release|ARM
		Release|x64 = Release|x64
		Release|x86 = Release|x86
	EndGlobalSection
	GlobalSection(ProjectConfigurationPlatforms) = postSolution
		{1E9459CE-59EA-4019-BC03-9C4DD025D22F}.Debug|Any CPU.ActiveCfg = Debug|ARM
		{1E9459CE-59EA-4019-BC03-9C4DD025D22F}.Debug|Any CPU.Build.0 = Debug|ARM
		{1E9459CE-59EA-4019-BC03-9C4DD025D22F}.Debug|Any CPU.Deploy.0 = Debug|ARM
		{1E9459CE-59EA-4019-BC03-9C4DD025D22F}.Debug|ARM.ActiveCfg = Debug|ARM
		{1E9459CE-59EA-4019-BC03-9C4DD025D22F}.Debug|ARM.Build.0 = Debug|ARM
		{1E9459CE-59EA-4019-BC03-9C4DD025D22F}.Debug|ARM.Deploy.0 = Debug|ARM
		{1E9459CE-59EA-4019-BC03-9C4DD025D22F}.Debug|x64.ActiveCfg = Debug|Any CPU
		{1E9459CE-59EA-4019-BC03-9C4DD025D22F}.Debug|x86.ActiveCfg = Debug|x86
		{1E9459CE-59EA-4019-BC03-9C4DD025D22F}.Debug|x86.Build.0 = Debug|x86
		{1E9459CE-59EA-4019-BC03-9C4DD025D22F}.Debug|x86.Deploy.0 = Debug|x86
		{1E9459CE-59EA-4019-BC03-9C4DD025D22F}.Release|Any CPU.ActiveCfg = Release|Any CPU
		{1E9459CE-59EA-4019-BC03-9C4DD025D22F}.Release|Any CPU.Build.0 = Release|Any CPU
		{1E9459CE-59EA-4019-BC03-9C4DD025D22F}.Release|Any CPU.Deploy.0 = Release|Any CPU
		{1E9459CE-59EA-4019-BC03-9C4DD025D22F}.Release|ARM.ActiveCfg = Release|ARM
		{1E9459CE-59EA-4019-BC03-9C4DD025D22F}.Release|ARM.Build.0 = Release|ARM
		{1E9459CE-59EA-4019-BC03-9C4DD025D22F}.Release|ARM.Deploy.0 = Release|ARM
		{1E9459CE-59EA-4019-BC03-9C4DD025D22F}.Release|x64.ActiveCfg = Release|Any CPU
		{1E9459CE-59EA-4019-BC03-9C4DD025D22F}.Release|x86.ActiveCfg = Release|x86
		{1E9459CE-59EA-4019-BC03-9C4DD025D22F}.Release|x86.Build.0 = Release|x86
		{1E9459CE-59EA-4019-BC03-9C4DD025D22F}.Release|x86.Deploy.0 = Release|x86
		{D7CD72D1-B167-46AD-972D-A9EDBB48C40E}.Debug|Any CPU.ActiveCfg = Debug|ARM
		{D7CD72D1-B167-46AD-972D-A9EDBB48C40E}.Debug|Any CPU.Build.0 = Debug|ARM
		{D7CD72D1-B167-46AD-972D-A9EDBB48C40E}.Debug|ARM.ActiveCfg = Debug|ARM
		{D7CD72D1-B167-46AD-972D-A9EDBB48C40E}.Debug|ARM.Build.0 = Debug|ARM
		{D7CD72D1-B167-46AD-972D-A9EDBB48C40E}.Debug|x64.ActiveCfg = Debug|Any CPU
		{D7CD72D1-B167-46AD-972D-A9EDBB48C40E}.Debug|x86.ActiveCfg = Debug|x86
		{D7CD72D1-B167-46AD-972D-A9EDBB48C40E}.Debug|x86.Build.0 = Debug|x86
		{D7CD72D1-B167-46AD-972D-A9EDBB48C40E}.Release|Any CPU.ActiveCfg = Release|Any CPU
		{D7CD72D1-B167-46AD-972D-A9EDBB48C40E}.Release|Any CPU.Build.0 = Release|Any CPU
		{D7CD72D1-B167-46AD-972D-A9EDBB48C40E}.Release|ARM.ActiveCfg = Release|ARM
		{D7CD72D1-B167-46AD-972D-A9EDBB48C40E}.Release|ARM.Build.0 = Release|ARM
		{D7CD72D1-B167-46AD-972D-A9EDBB48C40E}.Release|x64.ActiveCfg = Release|Any CPU
		{D7CD72D1-B167-46AD-972D-A9EDBB48C40E}.Release|x86.ActiveCfg = Release|x86
		{D7CD72D1-B167-46AD-972D-A9EDBB48C40E}.Release|x86.Build.0 = Release|x86
		{B41B1A77-FD06-46F6-B367-53B6D9CE10E2}.Debug|Any CPU.ActiveCfg = Debug|ARM
		{B41B1A77-FD06-46F6-B367-53B6D9CE10E2}.Debug|Any CPU.Build.0 = Debug|ARM
		{B41B1A77-FD06-46F6-B367-53B6D9CE10E2}.Debug|ARM.ActiveCfg = Debug|ARM
		{B41B1A77-FD06-46F6-B367-53B6D9CE10E2}.Debug|ARM.Build.0 = Debug|ARM
		{B41B1A77-FD06-46F6-B367-53B6D9CE10E2}.Debug|x64.ActiveCfg = Debug|Any CPU
		{B41B1A77-FD06-46F6-B367-53B6D9CE10E2}.Debug|x86.ActiveCfg = Debug|x86
		{B41B1A77-FD06-46F6-B367-53B6D9CE10E2}.Debug|x86.Build.0 = Debug|x86
		{B41B1A77-FD06-46F6-B367-53B6D9CE10E2}.Release|Any CPU.ActiveCfg = Release|Any CPU
		{B41B1A77-FD06-46F6-B367-53B6D9CE10E2}.Release|Any CPU.Build.0 = Release|Any CPU
		{B41B1A77-FD06-46F6-B367-53B6D9CE10E2}.Release|ARM.ActiveCfg = Release|ARM
		{B41B1A77-FD06-46F6-B367-53B6D9CE10E2}.Release|ARM.Build.0 = Release|ARM
		{B41B1A77-FD06-46F6-B367-53B6D9CE10E2}.Release|x64.ActiveCfg = Release|Any CPU
		{B41B1A77-FD06-46F6-B367-53B6D9CE10E2}.Release|x86.ActiveCfg = Release|x86
		{B41B1A77-FD06-46F6-B367-53B6D9CE10E2}.Release|x86.Build.0 = Release|x86
	EndGlobalSection
	GlobalSection(SolutionProperties) = preSolution
		HideSolutionNode = FALSE
	EndGlobalSection
EndGlobal
